
Microsoft Visual Studio Solution File, Format Version 12.00
# Visual Studio Version 16
VisualStudioVersion = 16.0.29519.181
MinimumVisualStudioVersion = 10.0.40219.1
Project("{FAE04EC0-301F-11D3-BF4B-00C04F79EFBC}") = "Prenotazioni_Cinema", "Prenotazioni_Cinema\Prenotazioni_Cinema.csproj", "{8EF8F99F-68A6-46BC-8AAC-69B64A088F4D}"
EndProject
Global
	GlobalSection(SolutionConfigurationPlatforms) = preSolution
		Debug|Any CPU = Debug|Any CPU
		Release|Any CPU = Release|Any CPU
	EndGlobalSection
	GlobalSection(ProjectConfigurationPlatforms) = postSolution
		{8EF8F99F-68A6-46BC-8AAC-69B64A088F4D}.Debug|Any CPU.ActiveCfg = Debug|Any CPU
		{8EF8F99F-68A6-46BC-8AAC-69B64A088F4D}.Debug|Any CPU.Build.0 = Debug|Any CPU
		{8EF8F99F-68A6-46BC-8AAC-69B64A088F4D}.Release|Any CPU.ActiveCfg = Release|Any CPU
		{8EF8F99F-68A6-46BC-8AAC-69B64A088F4D}.Release|Any CPU.Build.0 = Release|Any CPU
	EndGlobalSection
	GlobalSection(SolutionProperties) = preSolution
		HideSolutionNode = FALSE
	EndGlobalSection
	GlobalSection(ExtensibilityGlobals) = postSolution
		SolutionGuid = {24E5B190-F0FF-4D8D-A811-0E9D07B12262}
	EndGlobalSection
EndGlobal
